// !$*UTF8*$!
{
	archiveVersion = 1;
	classes = {
	};
	objectVersion = 56;
	objects = {

/* Begin PBXBuildFile section */
		520500852A24B1DD003C1862 /* HarryPotterDatabaseApp.swift in Sources */ = {isa = PBXBuildFile; fileRef = 520500842A24B1DD003C1862 /* HarryPotterDatabaseApp.swift */; };
		520500872A24B1DD003C1862 /* HomeView.swift in Sources */ = {isa = PBXBuildFile; fileRef = 520500862A24B1DD003C1862 /* HomeView.swift */; };
		520500892A24B1DE003C1862 /* Assets.xcassets in Resources */ = {isa = PBXBuildFile; fileRef = 520500882A24B1DE003C1862 /* Assets.xcassets */; };
		5205008D2A24B1DE003C1862 /* Preview Assets.xcassets in Resources */ = {isa = PBXBuildFile; fileRef = 5205008C2A24B1DE003C1862 /* Preview Assets.xcassets */; };
		520500B32A24B70B003C1862 /* HomeViewModel.swift in Sources */ = {isa = PBXBuildFile; fileRef = 520500B22A24B70B003C1862 /* HomeViewModel.swift */; };
		520500BD2A24C0A8003C1862 /* CharactersListView.swift in Sources */ = {isa = PBXBuildFile; fileRef = 520500BC2A24C0A8003C1862 /* CharactersListView.swift */; };
		520500C02A24C0F6003C1862 /* CharactersListViewModel.swift in Sources */ = {isa = PBXBuildFile; fileRef = 520500BF2A24C0F6003C1862 /* CharactersListViewModel.swift */; };
		520500C52A24C1D1003C1862 /* SpellsView.swift in Sources */ = {isa = PBXBuildFile; fileRef = 520500C42A24C1D1003C1862 /* SpellsView.swift */; };
		520500C72A24C1E5003C1862 /* SpellsViewModel.swift in Sources */ = {isa = PBXBuildFile; fileRef = 520500C62A24C1E5003C1862 /* SpellsViewModel.swift */; };
		52682F222A2A2FB000BDA348 /* CharactersEndpoint.swift in Sources */ = {isa = PBXBuildFile; fileRef = 52682F212A2A2FB000BDA348 /* CharactersEndpoint.swift */; };
		529D16F32A29EBB000E13F61 /* SpellsModel.swift in Sources */ = {isa = PBXBuildFile; fileRef = 529D16F22A29EBB000E13F61 /* SpellsModel.swift */; };
		529D16F52A29EC2800E13F61 /* SpellsApiService.swift in Sources */ = {isa = PBXBuildFile; fileRef = 529D16F42A29EC2800E13F61 /* SpellsApiService.swift */; };
		529D16F72A29ECC000E13F61 /* SpellsRepository.swift in Sources */ = {isa = PBXBuildFile; fileRef = 529D16F62A29ECC000E13F61 /* SpellsRepository.swift */; };
		529D16FE2A29F06100E13F61 /* CharacterDetailsView.swift in Sources */ = {isa = PBXBuildFile; fileRef = 529D16FD2A29F06100E13F61 /* CharacterDetailsView.swift */; };
		529D17042A29F1F400E13F61 /* CharacterDetailsViewModel.swift in Sources */ = {isa = PBXBuildFile; fileRef = 529D17032A29F1F400E13F61 /* CharacterDetailsViewModel.swift */; };
		52A88B872A2899C6006B2CAA /* CellView.swift in Sources */ = {isa = PBXBuildFile; fileRef = 52A88B862A2899C6006B2CAA /* CellView.swift */; };
		52B9D2E42A459C980033F80C /* SpellsViewModelTests.swift in Sources */ = {isa = PBXBuildFile; fileRef = 52B9D2E32A459C980033F80C /* SpellsViewModelTests.swift */; };
		52B9D2E62A45A1180033F80C /* CharactersListViewModelTests.swift in Sources */ = {isa = PBXBuildFile; fileRef = 52B9D2E52A45A1180033F80C /* CharactersListViewModelTests.swift */; };
		52B9D2E82A45A5B00033F80C /* CharacterDetailsViewModelTests.swift in Sources */ = {isa = PBXBuildFile; fileRef = 52B9D2E72A45A5B00033F80C /* CharacterDetailsViewModelTests.swift */; };
		52E0324E2A251AAD008A33C0 /* ApiError.swift in Sources */ = {isa = PBXBuildFile; fileRef = 52E0324D2A251AAD008A33C0 /* ApiError.swift */; };
		52E032502A251B43008A33C0 /* CharactersApiService.swift in Sources */ = {isa = PBXBuildFile; fileRef = 52E0324F2A251B43008A33C0 /* CharactersApiService.swift */; };
		52E032532A251D9F008A33C0 /* CharactersModel.swift in Sources */ = {isa = PBXBuildFile; fileRef = 52E032522A251D9F008A33C0 /* CharactersModel.swift */; };
		52E032572A251F9D008A33C0 /* CharactersRepository.swift in Sources */ = {isa = PBXBuildFile; fileRef = 52E032562A251F9D008A33C0 /* CharactersRepository.swift */; };
		52E032592A252893008A33C0 /* ErrorView.swift in Sources */ = {isa = PBXBuildFile; fileRef = 52E032582A252893008A33C0 /* ErrorView.swift */; };
		52E79AAF2A3B18F70096893F /* ApplicationShared.swift in Sources */ = {isa = PBXBuildFile; fileRef = 52E79AAE2A3B18F70096893F /* ApplicationShared.swift */; };
		52E79AB22A3B1C7C0096893F /* SnapshotTesting in Frameworks */ = {isa = PBXBuildFile; productRef = 52E79AB12A3B1C7C0096893F /* SnapshotTesting */; };
		52E79AB72A3B1CD60096893F /* MockApplicationShared.swift in Sources */ = {isa = PBXBuildFile; fileRef = 52E79AB62A3B1CD60096893F /* MockApplicationShared.swift */; };
		52E79AB92A3B1D750096893F /* CharactersModel+Mock.swift in Sources */ = {isa = PBXBuildFile; fileRef = 52E79AB82A3B1D750096893F /* CharactersModel+Mock.swift */; };
		52E79ABB2A3B1FC00096893F /* SpellsModel+Mock.swift in Sources */ = {isa = PBXBuildFile; fileRef = 52E79ABA2A3B1FC00096893F /* SpellsModel+Mock.swift */; };
		52E79ABD2A3B22910096893F /* MockCharactersRepository.swift in Sources */ = {isa = PBXBuildFile; fileRef = 52E79ABC2A3B22910096893F /* MockCharactersRepository.swift */; };
		52E79ABF2A3B26690096893F /* MockSpellsRepository.swift in Sources */ = {isa = PBXBuildFile; fileRef = 52E79ABE2A3B26690096893F /* MockSpellsRepository.swift */; };
/* End PBXBuildFile section */

/* Begin PBXContainerItemProxy section */
		520500932A24B1DE003C1862 /* PBXContainerItemProxy */ = {
			isa = PBXContainerItemProxy;
			containerPortal = 520500792A24B1DD003C1862 /* Project object */;
			proxyType = 1;
			remoteGlobalIDString = 520500802A24B1DD003C1862;
			remoteInfo = HarryPotterDatabase;
		};
/* End PBXContainerItemProxy section */

/* Begin PBXFileReference section */
		520500812A24B1DD003C1862 /* HarryPotterDatabase.app */ = {isa = PBXFileReference; explicitFileType = wrapper.application; includeInIndex = 0; path = HarryPotterDatabase.app; sourceTree = BUILT_PRODUCTS_DIR; };
		520500842A24B1DD003C1862 /* HarryPotterDatabaseApp.swift */ = {isa = PBXFileReference; lastKnownFileType = sourcecode.swift; path = HarryPotterDatabaseApp.swift; sourceTree = "<group>"; };
		520500862A24B1DD003C1862 /* HomeView.swift */ = {isa = PBXFileReference; lastKnownFileType = sourcecode.swift; path = HomeView.swift; sourceTree = "<group>"; };
		520500882A24B1DE003C1862 /* Assets.xcassets */ = {isa = PBXFileReference; lastKnownFileType = folder.assetcatalog; path = Assets.xcassets; sourceTree = "<group>"; };
		5205008A2A24B1DE003C1862 /* HarryPotterDatabase.entitlements */ = {isa = PBXFileReference; lastKnownFileType = text.plist.entitlements; path = HarryPotterDatabase.entitlements; sourceTree = "<group>"; };
		5205008C2A24B1DE003C1862 /* Preview Assets.xcassets */ = {isa = PBXFileReference; lastKnownFileType = folder.assetcatalog; path = "Preview Assets.xcassets"; sourceTree = "<group>"; };
		520500922A24B1DE003C1862 /* HarryPotterDatabaseTests.xctest */ = {isa = PBXFileReference; explicitFileType = wrapper.cfbundle; includeInIndex = 0; path = HarryPotterDatabaseTests.xctest; sourceTree = BUILT_PRODUCTS_DIR; };
		520500B22A24B70B003C1862 /* HomeViewModel.swift */ = {isa = PBXFileReference; lastKnownFileType = sourcecode.swift; path = HomeViewModel.swift; sourceTree = "<group>"; };
		520500BC2A24C0A8003C1862 /* CharactersListView.swift */ = {isa = PBXFileReference; lastKnownFileType = sourcecode.swift; path = CharactersListView.swift; sourceTree = "<group>"; };
		520500BF2A24C0F6003C1862 /* CharactersListViewModel.swift */ = {isa = PBXFileReference; lastKnownFileType = sourcecode.swift; path = CharactersListViewModel.swift; sourceTree = "<group>"; };
		520500C42A24C1D1003C1862 /* SpellsView.swift */ = {isa = PBXFileReference; lastKnownFileType = sourcecode.swift; path = SpellsView.swift; sourceTree = "<group>"; };
		520500C62A24C1E5003C1862 /* SpellsViewModel.swift */ = {isa = PBXFileReference; lastKnownFileType = sourcecode.swift; path = SpellsViewModel.swift; sourceTree = "<group>"; };
		52682F212A2A2FB000BDA348 /* CharactersEndpoint.swift */ = {isa = PBXFileReference; lastKnownFileType = sourcecode.swift; path = CharactersEndpoint.swift; sourceTree = "<group>"; };
		529D16F22A29EBB000E13F61 /* SpellsModel.swift */ = {isa = PBXFileReference; lastKnownFileType = sourcecode.swift; path = SpellsModel.swift; sourceTree = "<group>"; };
		529D16F42A29EC2800E13F61 /* SpellsApiService.swift */ = {isa = PBXFileReference; lastKnownFileType = sourcecode.swift; path = SpellsApiService.swift; sourceTree = "<group>"; };
		529D16F62A29ECC000E13F61 /* SpellsRepository.swift */ = {isa = PBXFileReference; lastKnownFileType = sourcecode.swift; path = SpellsRepository.swift; sourceTree = "<group>"; };
		529D16FD2A29F06100E13F61 /* CharacterDetailsView.swift */ = {isa = PBXFileReference; lastKnownFileType = sourcecode.swift; path = CharacterDetailsView.swift; sourceTree = "<group>"; };
		529D17032A29F1F400E13F61 /* CharacterDetailsViewModel.swift */ = {isa = PBXFileReference; lastKnownFileType = sourcecode.swift; path = CharacterDetailsViewModel.swift; sourceTree = "<group>"; };
		52A88B862A2899C6006B2CAA /* CellView.swift */ = {isa = PBXFileReference; lastKnownFileType = sourcecode.swift; path = CellView.swift; sourceTree = "<group>"; };
		52B9D2E32A459C980033F80C /* SpellsViewModelTests.swift */ = {isa = PBXFileReference; lastKnownFileType = sourcecode.swift; path = SpellsViewModelTests.swift; sourceTree = "<group>"; };
		52B9D2E52A45A1180033F80C /* CharactersListViewModelTests.swift */ = {isa = PBXFileReference; lastKnownFileType = sourcecode.swift; path = CharactersListViewModelTests.swift; sourceTree = "<group>"; };
		52B9D2E72A45A5B00033F80C /* CharacterDetailsViewModelTests.swift */ = {isa = PBXFileReference; lastKnownFileType = sourcecode.swift; path = CharacterDetailsViewModelTests.swift; sourceTree = "<group>"; };
		52E0324D2A251AAD008A33C0 /* ApiError.swift */ = {isa = PBXFileReference; lastKnownFileType = sourcecode.swift; path = ApiError.swift; sourceTree = "<group>"; };
		52E0324F2A251B43008A33C0 /* CharactersApiService.swift */ = {isa = PBXFileReference; lastKnownFileType = sourcecode.swift; path = CharactersApiService.swift; sourceTree = "<group>"; };
		52E032522A251D9F008A33C0 /* CharactersModel.swift */ = {isa = PBXFileReference; lastKnownFileType = sourcecode.swift; path = CharactersModel.swift; sourceTree = "<group>"; };
		52E032562A251F9D008A33C0 /* CharactersRepository.swift */ = {isa = PBXFileReference; lastKnownFileType = sourcecode.swift; path = CharactersRepository.swift; sourceTree = "<group>"; };
		52E032582A252893008A33C0 /* ErrorView.swift */ = {isa = PBXFileReference; lastKnownFileType = sourcecode.swift; path = ErrorView.swift; sourceTree = "<group>"; };
		52E79AAE2A3B18F70096893F /* ApplicationShared.swift */ = {isa = PBXFileReference; lastKnownFileType = sourcecode.swift; path = ApplicationShared.swift; sourceTree = "<group>"; };
		52E79AB62A3B1CD60096893F /* MockApplicationShared.swift */ = {isa = PBXFileReference; lastKnownFileType = sourcecode.swift; path = MockApplicationShared.swift; sourceTree = "<group>"; };
		52E79AB82A3B1D750096893F /* CharactersModel+Mock.swift */ = {isa = PBXFileReference; lastKnownFileType = sourcecode.swift; path = "CharactersModel+Mock.swift"; sourceTree = "<group>"; };
		52E79ABA2A3B1FC00096893F /* SpellsModel+Mock.swift */ = {isa = PBXFileReference; lastKnownFileType = sourcecode.swift; path = "SpellsModel+Mock.swift"; sourceTree = "<group>"; };
		52E79ABC2A3B22910096893F /* MockCharactersRepository.swift */ = {isa = PBXFileReference; lastKnownFileType = sourcecode.swift; path = MockCharactersRepository.swift; sourceTree = "<group>"; };
		52E79ABE2A3B26690096893F /* MockSpellsRepository.swift */ = {isa = PBXFileReference; lastKnownFileType = sourcecode.swift; path = MockSpellsRepository.swift; sourceTree = "<group>"; };
/* End PBXFileReference section */

/* Begin PBXFrameworksBuildPhase section */
		5205007E2A24B1DD003C1862 /* Frameworks */ = {
			isa = PBXFrameworksBuildPhase;
			buildActionMask = 2147483647;
			files = (
			);
			runOnlyForDeploymentPostprocessing = 0;
		};
		5205008F2A24B1DE003C1862 /* Frameworks */ = {
			isa = PBXFrameworksBuildPhase;
			buildActionMask = 2147483647;
			files = (
				52E79AB22A3B1C7C0096893F /* SnapshotTesting in Frameworks */,
			);
			runOnlyForDeploymentPostprocessing = 0;
		};
/* End PBXFrameworksBuildPhase section */

/* Begin PBXGroup section */
		520500782A24B1DD003C1862 = {
			isa = PBXGroup;
			children = (
				520500832A24B1DD003C1862 /* HarryPotterDatabase */,
				520500952A24B1DE003C1862 /* HarryPotterDatabaseTests */,
				520500822A24B1DD003C1862 /* Products */,
			);
			sourceTree = "<group>";
		};
		520500822A24B1DD003C1862 /* Products */ = {
			isa = PBXGroup;
			children = (
				520500812A24B1DD003C1862 /* HarryPotterDatabase.app */,
				520500922A24B1DE003C1862 /* HarryPotterDatabaseTests.xctest */,
			);
			name = Products;
			sourceTree = "<group>";
		};
		520500832A24B1DD003C1862 /* HarryPotterDatabase */ = {
			isa = PBXGroup;
			children = (
				52E79AAD2A3B18DF0096893F /* Helpers */,
				52E032542A251EF7008A33C0 /* ErrorHelpers */,
				52682F1F2A2A2F4600BDA348 /* Characters */,
				520500AF2A24B2C6003C1862 /* Home */,
				520500C12A24C1AD003C1862 /* Spells */,
				520500842A24B1DD003C1862 /* HarryPotterDatabaseApp.swift */,
				520500882A24B1DE003C1862 /* Assets.xcassets */,
				5205008A2A24B1DE003C1862 /* HarryPotterDatabase.entitlements */,
				5205008B2A24B1DE003C1862 /* Preview Content */,
			);
			path = HarryPotterDatabase;
			sourceTree = "<group>";
		};
		5205008B2A24B1DE003C1862 /* Preview Content */ = {
			isa = PBXGroup;
			children = (
				5205008C2A24B1DE003C1862 /* Preview Assets.xcassets */,
			);
			path = "Preview Content";
			sourceTree = "<group>";
		};
		520500952A24B1DE003C1862 /* HarryPotterDatabaseTests */ = {
			isa = PBXGroup;
			children = (
				52E79AB52A3B1CB00096893F /* Mocks */,
				52E79AB42A3B1CA80096893F /* UnitTests */,
				52E79AB32A3B1C9E0096893F /* UITests */,
			);
			path = HarryPotterDatabaseTests;
			sourceTree = "<group>";
		};
		520500AF2A24B2C6003C1862 /* Home */ = {
			isa = PBXGroup;
			children = (
				520500B12A24B6C0003C1862 /* ViewModel */,
				520500B02A24B6B8003C1862 /* View */,
			);
			path = Home;
			sourceTree = "<group>";
		};
		520500B02A24B6B8003C1862 /* View */ = {
			isa = PBXGroup;
			children = (
				520500862A24B1DD003C1862 /* HomeView.swift */,
			);
			path = View;
			sourceTree = "<group>";
		};
		520500B12A24B6C0003C1862 /* ViewModel */ = {
			isa = PBXGroup;
			children = (
				520500B22A24B70B003C1862 /* HomeViewModel.swift */,
			);
			path = ViewModel;
			sourceTree = "<group>";
		};
		520500BA2A24C081003C1862 /* CharactersList */ = {
			isa = PBXGroup;
			children = (
				520500BE2A24C0DE003C1862 /* ViewModel */,
				520500BB2A24C094003C1862 /* View */,
			);
			path = CharactersList;
			sourceTree = "<group>";
		};
		520500BB2A24C094003C1862 /* View */ = {
			isa = PBXGroup;
			children = (
				52A88B852A2899AE006B2CAA /* SubViews */,
				520500BC2A24C0A8003C1862 /* CharactersListView.swift */,
			);
			path = View;
			sourceTree = "<group>";
		};
		520500BE2A24C0DE003C1862 /* ViewModel */ = {
			isa = PBXGroup;
			children = (
				520500BF2A24C0F6003C1862 /* CharactersListViewModel.swift */,
			);
			path = ViewModel;
			sourceTree = "<group>";
		};
		520500C12A24C1AD003C1862 /* Spells */ = {
			isa = PBXGroup;
			children = (
				529D16F12A29EB9D00E13F61 /* ApiService */,
				529D16F02A29EB9600E13F61 /* Model */,
				529D16EF2A29EB8C00E13F61 /* Repository */,
				520500C32A24C1BD003C1862 /* ViewModel */,
				520500C22A24C1B8003C1862 /* View */,
			);
			path = Spells;
			sourceTree = "<group>";
		};
		520500C22A24C1B8003C1862 /* View */ = {
			isa = PBXGroup;
			children = (
				520500C42A24C1D1003C1862 /* SpellsView.swift */,
			);
			path = View;
			sourceTree = "<group>";
		};
		520500C32A24C1BD003C1862 /* ViewModel */ = {
			isa = PBXGroup;
			children = (
				520500C62A24C1E5003C1862 /* SpellsViewModel.swift */,
			);
			path = ViewModel;
			sourceTree = "<group>";
		};
		52682F1F2A2A2F4600BDA348 /* Characters */ = {
			isa = PBXGroup;
			children = (
				52682F202A2A2F9200BDA348 /* Endpoint */,
				52E0324C2A251A90008A33C0 /* ApiService */,
				52E032552A251F7D008A33C0 /* Repository */,
				52E032512A251D87008A33C0 /* Model */,
				52682F232A2A36EB00BDA348 /* Views */,
			);
			path = Characters;
			sourceTree = "<group>";
		};
		52682F202A2A2F9200BDA348 /* Endpoint */ = {
			isa = PBXGroup;
			children = (
				52682F212A2A2FB000BDA348 /* CharactersEndpoint.swift */,
			);
			path = Endpoint;
			sourceTree = "<group>";
		};
		52682F232A2A36EB00BDA348 /* Views */ = {
			isa = PBXGroup;
			children = (
				520500BA2A24C081003C1862 /* CharactersList */,
				529D16F82A29F02400E13F61 /* CharacterDetails */,
			);
			path = Views;
			sourceTree = "<group>";
		};
		529D16EF2A29EB8C00E13F61 /* Repository */ = {
			isa = PBXGroup;
			children = (
				529D16F62A29ECC000E13F61 /* SpellsRepository.swift */,
			);
			path = Repository;
			sourceTree = "<group>";
		};
		529D16F02A29EB9600E13F61 /* Model */ = {
			isa = PBXGroup;
			children = (
				529D16F22A29EBB000E13F61 /* SpellsModel.swift */,
			);
			path = Model;
			sourceTree = "<group>";
		};
		529D16F12A29EB9D00E13F61 /* ApiService */ = {
			isa = PBXGroup;
			children = (
				529D16F42A29EC2800E13F61 /* SpellsApiService.swift */,
			);
			path = ApiService;
			sourceTree = "<group>";
		};
		529D16F82A29F02400E13F61 /* CharacterDetails */ = {
			isa = PBXGroup;
			children = (
				529D16FA2A29F03200E13F61 /* ViewModel */,
				529D16F92A29F02C00E13F61 /* View */,
			);
			path = CharacterDetails;
			sourceTree = "<group>";
		};
		529D16F92A29F02C00E13F61 /* View */ = {
			isa = PBXGroup;
			children = (
				529D16FD2A29F06100E13F61 /* CharacterDetailsView.swift */,
			);
			path = View;
			sourceTree = "<group>";
		};
		529D16FA2A29F03200E13F61 /* ViewModel */ = {
			isa = PBXGroup;
			children = (
				529D17032A29F1F400E13F61 /* CharacterDetailsViewModel.swift */,
			);
			path = ViewModel;
			sourceTree = "<group>";
		};
		52A88B852A2899AE006B2CAA /* SubViews */ = {
			isa = PBXGroup;
			children = (
				52A88B862A2899C6006B2CAA /* CellView.swift */,
			);
			path = SubViews;
			sourceTree = "<group>";
		};
		52E0324C2A251A90008A33C0 /* ApiService */ = {
			isa = PBXGroup;
			children = (
				52E0324F2A251B43008A33C0 /* CharactersApiService.swift */,
			);
			path = ApiService;
			sourceTree = "<group>";
		};
		52E032512A251D87008A33C0 /* Model */ = {
			isa = PBXGroup;
			children = (
				52E032522A251D9F008A33C0 /* CharactersModel.swift */,
			);
			path = Model;
			sourceTree = "<group>";
		};
		52E032542A251EF7008A33C0 /* ErrorHelpers */ = {
			isa = PBXGroup;
			children = (
				52E0324D2A251AAD008A33C0 /* ApiError.swift */,
				52E032582A252893008A33C0 /* ErrorView.swift */,
			);
			path = ErrorHelpers;
			sourceTree = "<group>";
		};
		52E032552A251F7D008A33C0 /* Repository */ = {
			isa = PBXGroup;
			children = (
				52E032562A251F9D008A33C0 /* CharactersRepository.swift */,
			);
			path = Repository;
			sourceTree = "<group>";
		};
		52E79AAD2A3B18DF0096893F /* Helpers */ = {
			isa = PBXGroup;
			children = (
				52E79AAE2A3B18F70096893F /* ApplicationShared.swift */,
			);
			path = Helpers;
			sourceTree = "<group>";
		};
		52E79AB32A3B1C9E0096893F /* UITests */ = {
			isa = PBXGroup;
			children = (
			);
			path = UITests;
			sourceTree = "<group>";
		};
		52E79AB42A3B1CA80096893F /* UnitTests */ = {
			isa = PBXGroup;
			children = (
				52B9D2E32A459C980033F80C /* SpellsViewModelTests.swift */,
				52B9D2E52A45A1180033F80C /* CharactersListViewModelTests.swift */,
				52B9D2E72A45A5B00033F80C /* CharacterDetailsViewModelTests.swift */,
			);
			path = UnitTests;
			sourceTree = "<group>";
		};
		52E79AB52A3B1CB00096893F /* Mocks */ = {
			isa = PBXGroup;
			children = (
				52E79AB62A3B1CD60096893F /* MockApplicationShared.swift */,
				52E79AB82A3B1D750096893F /* CharactersModel+Mock.swift */,
				52E79ABA2A3B1FC00096893F /* SpellsModel+Mock.swift */,
				52E79ABC2A3B22910096893F /* MockCharactersRepository.swift */,
				52E79ABE2A3B26690096893F /* MockSpellsRepository.swift */,
			);
			path = Mocks;
			sourceTree = "<group>";
		};
/* End PBXGroup section */

/* Begin PBXNativeTarget section */
		520500802A24B1DD003C1862 /* HarryPotterDatabase */ = {
			isa = PBXNativeTarget;
			buildConfigurationList = 520500A62A24B1DE003C1862 /* Build configuration list for PBXNativeTarget "HarryPotterDatabase" */;
			buildPhases = (
				5205007D2A24B1DD003C1862 /* Sources */,
				5205007E2A24B1DD003C1862 /* Frameworks */,
				5205007F2A24B1DD003C1862 /* Resources */,
			);
			buildRules = (
			);
			dependencies = (
			);
			name = HarryPotterDatabase;
			productName = HarryPotterDatabase;
			productReference = 520500812A24B1DD003C1862 /* HarryPotterDatabase.app */;
			productType = "com.apple.product-type.application";
		};
		520500912A24B1DE003C1862 /* HarryPotterDatabaseTests */ = {
			isa = PBXNativeTarget;
			buildConfigurationList = 520500A92A24B1DE003C1862 /* Build configuration list for PBXNativeTarget "HarryPotterDatabaseTests" */;
			buildPhases = (
				5205008E2A24B1DE003C1862 /* Sources */,
				5205008F2A24B1DE003C1862 /* Frameworks */,
				520500902A24B1DE003C1862 /* Resources */,
			);
			buildRules = (
			);
			dependencies = (
				520500942A24B1DE003C1862 /* PBXTargetDependency */,
			);
			name = HarryPotterDatabaseTests;
			packageProductDependencies = (
				52E79AB12A3B1C7C0096893F /* SnapshotTesting */,
			);
			productName = HarryPotterDatabaseTests;
			productReference = 520500922A24B1DE003C1862 /* HarryPotterDatabaseTests.xctest */;
			productType = "com.apple.product-type.bundle.unit-test";
		};
/* End PBXNativeTarget section */

/* Begin PBXProject section */
		520500792A24B1DD003C1862 /* Project object */ = {
			isa = PBXProject;
			attributes = {
				BuildIndependentTargetsInParallel = 1;
				LastSwiftUpdateCheck = 1430;
				LastUpgradeCheck = 1430;
				TargetAttributes = {
					520500802A24B1DD003C1862 = {
						CreatedOnToolsVersion = 14.3;
					};
					520500912A24B1DE003C1862 = {
						CreatedOnToolsVersion = 14.3;
						LastSwiftMigration = 1430;
						TestTargetID = 520500802A24B1DD003C1862;
					};
				};
			};
			buildConfigurationList = 5205007C2A24B1DD003C1862 /* Build configuration list for PBXProject "HarryPotterDatabase" */;
			compatibilityVersion = "Xcode 14.0";
			developmentRegion = en;
			hasScannedForEncodings = 0;
			knownRegions = (
				en,
				Base,
			);
			mainGroup = 520500782A24B1DD003C1862;
			packageReferences = (
				52E79AB02A3B1C7C0096893F /* XCRemoteSwiftPackageReference "swift-snapshot-testing" */,
			);
			productRefGroup = 520500822A24B1DD003C1862 /* Products */;
			projectDirPath = "";
			projectRoot = "";
			targets = (
				520500802A24B1DD003C1862 /* HarryPotterDatabase */,
				520500912A24B1DE003C1862 /* HarryPotterDatabaseTests */,
			);
		};
/* End PBXProject section */

/* Begin PBXResourcesBuildPhase section */
		5205007F2A24B1DD003C1862 /* Resources */ = {
			isa = PBXResourcesBuildPhase;
			buildActionMask = 2147483647;
			files = (
				5205008D2A24B1DE003C1862 /* Preview Assets.xcassets in Resources */,
				520500892A24B1DE003C1862 /* Assets.xcassets in Resources */,
			);
			runOnlyForDeploymentPostprocessing = 0;
		};
		520500902A24B1DE003C1862 /* Resources */ = {
			isa = PBXResourcesBuildPhase;
			buildActionMask = 2147483647;
			files = (
			);
			runOnlyForDeploymentPostprocessing = 0;
		};
/* End PBXResourcesBuildPhase section */

/* Begin PBXSourcesBuildPhase section */
		5205007D2A24B1DD003C1862 /* Sources */ = {
			isa = PBXSourcesBuildPhase;
			buildActionMask = 2147483647;
			files = (
				520500C72A24C1E5003C1862 /* SpellsViewModel.swift in Sources */,
				520500C52A24C1D1003C1862 /* SpellsView.swift in Sources */,
				520500C02A24C0F6003C1862 /* CharactersListViewModel.swift in Sources */,
				52E032532A251D9F008A33C0 /* CharactersModel.swift in Sources */,
				529D16F72A29ECC000E13F61 /* SpellsRepository.swift in Sources */,
				52E0324E2A251AAD008A33C0 /* ApiError.swift in Sources */,
				52A88B872A2899C6006B2CAA /* CellView.swift in Sources */,
				52E032572A251F9D008A33C0 /* CharactersRepository.swift in Sources */,
				520500872A24B1DD003C1862 /* HomeView.swift in Sources */,
				529D16F52A29EC2800E13F61 /* SpellsApiService.swift in Sources */,
				52E032592A252893008A33C0 /* ErrorView.swift in Sources */,
				529D17042A29F1F400E13F61 /* CharacterDetailsViewModel.swift in Sources */,
				520500BD2A24C0A8003C1862 /* CharactersListView.swift in Sources */,
				529D16F32A29EBB000E13F61 /* SpellsModel.swift in Sources */,
				529D16FE2A29F06100E13F61 /* CharacterDetailsView.swift in Sources */,
				52682F222A2A2FB000BDA348 /* CharactersEndpoint.swift in Sources */,
				520500B32A24B70B003C1862 /* HomeViewModel.swift in Sources */,
				52E79AAF2A3B18F70096893F /* ApplicationShared.swift in Sources */,
				520500852A24B1DD003C1862 /* HarryPotterDatabaseApp.swift in Sources */,
				52E032502A251B43008A33C0 /* CharactersApiService.swift in Sources */,
			);
			runOnlyForDeploymentPostprocessing = 0;
		};
		5205008E2A24B1DE003C1862 /* Sources */ = {
			isa = PBXSourcesBuildPhase;
			buildActionMask = 2147483647;
			files = (
				52E79AB72A3B1CD60096893F /* MockApplicationShared.swift in Sources */,
				52B9D2E82A45A5B00033F80C /* CharacterDetailsViewModelTests.swift in Sources */,
				52E79ABB2A3B1FC00096893F /* SpellsModel+Mock.swift in Sources */,
				52E79AB92A3B1D750096893F /* CharactersModel+Mock.swift in Sources */,
				52B9D2E42A459C980033F80C /* SpellsViewModelTests.swift in Sources */,
				52B9D2E62A45A1180033F80C /* CharactersListViewModelTests.swift in Sources */,
				52E79ABD2A3B22910096893F /* MockCharactersRepository.swift in Sources */,
				52E79ABF2A3B26690096893F /* MockSpellsRepository.swift in Sources */,
			);
			runOnlyForDeploymentPostprocessing = 0;
		};
/* End PBXSourcesBuildPhase section */

/* Begin PBXTargetDependency section */
		520500942A24B1DE003C1862 /* PBXTargetDependency */ = {
			isa = PBXTargetDependency;
			target = 520500802A24B1DD003C1862 /* HarryPotterDatabase */;
			targetProxy = 520500932A24B1DE003C1862 /* PBXContainerItemProxy */;
		};
/* End PBXTargetDependency section */

/* Begin XCBuildConfiguration section */
		520500A42A24B1DE003C1862 /* Debug */ = {
			isa = XCBuildConfiguration;
			buildSettings = {
				ALWAYS_SEARCH_USER_PATHS = NO;
				CLANG_ANALYZER_NONNULL = YES;
				CLANG_ANALYZER_NUMBER_OBJECT_CONVERSION = YES_AGGRESSIVE;
				CLANG_CXX_LANGUAGE_STANDARD = "gnu++20";
				CLANG_ENABLE_MODULES = YES;
				CLANG_ENABLE_OBJC_ARC = YES;
				CLANG_ENABLE_OBJC_WEAK = YES;
				CLANG_WARN_BLOCK_CAPTURE_AUTORELEASING = YES;
				CLANG_WARN_BOOL_CONVERSION = YES;
				CLANG_WARN_COMMA = YES;
				CLANG_WARN_CONSTANT_CONVERSION = YES;
				CLANG_WARN_DEPRECATED_OBJC_IMPLEMENTATIONS = YES;
				CLANG_WARN_DIRECT_OBJC_ISA_USAGE = YES_ERROR;
				CLANG_WARN_DOCUMENTATION_COMMENTS = YES;
				CLANG_WARN_EMPTY_BODY = YES;
				CLANG_WARN_ENUM_CONVERSION = YES;
				CLANG_WARN_INFINITE_RECURSION = YES;
				CLANG_WARN_INT_CONVERSION = YES;
				CLANG_WARN_NON_LITERAL_NULL_CONVERSION = YES;
				CLANG_WARN_OBJC_IMPLICIT_RETAIN_SELF = YES;
				CLANG_WARN_OBJC_LITERAL_CONVERSION = YES;
				CLANG_WARN_OBJC_ROOT_CLASS = YES_ERROR;
				CLANG_WARN_QUOTED_INCLUDE_IN_FRAMEWORK_HEADER = YES;
				CLANG_WARN_RANGE_LOOP_ANALYSIS = YES;
				CLANG_WARN_STRICT_PROTOTYPES = YES;
				CLANG_WARN_SUSPICIOUS_MOVE = YES;
				CLANG_WARN_UNGUARDED_AVAILABILITY = YES_AGGRESSIVE;
				CLANG_WARN_UNREACHABLE_CODE = YES;
				CLANG_WARN__DUPLICATE_METHOD_MATCH = YES;
				COPY_PHASE_STRIP = NO;
				DEBUG_INFORMATION_FORMAT = dwarf;
				ENABLE_STRICT_OBJC_MSGSEND = YES;
				ENABLE_TESTABILITY = YES;
				GCC_C_LANGUAGE_STANDARD = gnu11;
				GCC_DYNAMIC_NO_PIC = NO;
				GCC_NO_COMMON_BLOCKS = YES;
				GCC_OPTIMIZATION_LEVEL = 0;
				GCC_PREPROCESSOR_DEFINITIONS = (
					"DEBUG=1",
					"$(inherited)",
				);
				GCC_WARN_64_TO_32_BIT_CONVERSION = YES;
				GCC_WARN_ABOUT_RETURN_TYPE = YES_ERROR;
				GCC_WARN_UNDECLARED_SELECTOR = YES;
				GCC_WARN_UNINITIALIZED_AUTOS = YES_AGGRESSIVE;
				GCC_WARN_UNUSED_FUNCTION = YES;
				GCC_WARN_UNUSED_VARIABLE = YES;
				MTL_ENABLE_DEBUG_INFO = INCLUDE_SOURCE;
				MTL_FAST_MATH = YES;
				ONLY_ACTIVE_ARCH = YES;
				SWIFT_ACTIVE_COMPILATION_CONDITIONS = DEBUG;
				SWIFT_OPTIMIZATION_LEVEL = "-Onone";
			};
			name = Debug;
		};
		520500A52A24B1DE003C1862 /* Release */ = {
			isa = XCBuildConfiguration;
			buildSettings = {
				ALWAYS_SEARCH_USER_PATHS = NO;
				CLANG_ANALYZER_NONNULL = YES;
				CLANG_ANALYZER_NUMBER_OBJECT_CONVERSION = YES_AGGRESSIVE;
				CLANG_CXX_LANGUAGE_STANDARD = "gnu++20";
				CLANG_ENABLE_MODULES = YES;
				CLANG_ENABLE_OBJC_ARC = YES;
				CLANG_ENABLE_OBJC_WEAK = YES;
				CLANG_WARN_BLOCK_CAPTURE_AUTORELEASING = YES;
				CLANG_WARN_BOOL_CONVERSION = YES;
				CLANG_WARN_COMMA = YES;
				CLANG_WARN_CONSTANT_CONVERSION = YES;
				CLANG_WARN_DEPRECATED_OBJC_IMPLEMENTATIONS = YES;
				CLANG_WARN_DIRECT_OBJC_ISA_USAGE = YES_ERROR;
				CLANG_WARN_DOCUMENTATION_COMMENTS = YES;
				CLANG_WARN_EMPTY_BODY = YES;
				CLANG_WARN_ENUM_CONVERSION = YES;
				CLANG_WARN_INFINITE_RECURSION = YES;
				CLANG_WARN_INT_CONVERSION = YES;
				CLANG_WARN_NON_LITERAL_NULL_CONVERSION = YES;
				CLANG_WARN_OBJC_IMPLICIT_RETAIN_SELF = YES;
				CLANG_WARN_OBJC_LITERAL_CONVERSION = YES;
				CLANG_WARN_OBJC_ROOT_CLASS = YES_ERROR;
				CLANG_WARN_QUOTED_INCLUDE_IN_FRAMEWORK_HEADER = YES;
				CLANG_WARN_RANGE_LOOP_ANALYSIS = YES;
				CLANG_WARN_STRICT_PROTOTYPES = YES;
				CLANG_WARN_SUSPICIOUS_MOVE = YES;
				CLANG_WARN_UNGUARDED_AVAILABILITY = YES_AGGRESSIVE;
				CLANG_WARN_UNREACHABLE_CODE = YES;
				CLANG_WARN__DUPLICATE_METHOD_MATCH = YES;
				COPY_PHASE_STRIP = NO;
				DEBUG_INFORMATION_FORMAT = "dwarf-with-dsym";
				ENABLE_NS_ASSERTIONS = NO;
				ENABLE_STRICT_OBJC_MSGSEND = YES;
				GCC_C_LANGUAGE_STANDARD = gnu11;
				GCC_NO_COMMON_BLOCKS = YES;
				GCC_WARN_64_TO_32_BIT_CONVERSION = YES;
				GCC_WARN_ABOUT_RETURN_TYPE = YES_ERROR;
				GCC_WARN_UNDECLARED_SELECTOR = YES;
				GCC_WARN_UNINITIALIZED_AUTOS = YES_AGGRESSIVE;
				GCC_WARN_UNUSED_FUNCTION = YES;
				GCC_WARN_UNUSED_VARIABLE = YES;
				MTL_ENABLE_DEBUG_INFO = NO;
				MTL_FAST_MATH = YES;
				SWIFT_COMPILATION_MODE = wholemodule;
				SWIFT_OPTIMIZATION_LEVEL = "-O";
			};
			name = Release;
		};
		520500A72A24B1DE003C1862 /* Debug */ = {
			isa = XCBuildConfiguration;
			buildSettings = {
				ASSETCATALOG_COMPILER_APPICON_NAME = AppIcon;
				ASSETCATALOG_COMPILER_GLOBAL_ACCENT_COLOR_NAME = AccentColor;
				CODE_SIGN_ENTITLEMENTS = HarryPotterDatabase/HarryPotterDatabase.entitlements;
				CODE_SIGN_STYLE = Automatic;
				CURRENT_PROJECT_VERSION = 1;
				DEVELOPMENT_ASSET_PATHS = "\"HarryPotterDatabase/Preview Content\"";
				DEVELOPMENT_TEAM = KLC2HD36UZ;
				ENABLE_HARDENED_RUNTIME = YES;
				ENABLE_PREVIEWS = YES;
				GENERATE_INFOPLIST_FILE = YES;
				"INFOPLIST_KEY_UIApplicationSceneManifest_Generation[sdk=iphoneos*]" = YES;
				"INFOPLIST_KEY_UIApplicationSceneManifest_Generation[sdk=iphonesimulator*]" = YES;
				"INFOPLIST_KEY_UIApplicationSupportsIndirectInputEvents[sdk=iphoneos*]" = YES;
				"INFOPLIST_KEY_UIApplicationSupportsIndirectInputEvents[sdk=iphonesimulator*]" = YES;
				"INFOPLIST_KEY_UILaunchScreen_Generation[sdk=iphoneos*]" = YES;
				"INFOPLIST_KEY_UILaunchScreen_Generation[sdk=iphonesimulator*]" = YES;
				"INFOPLIST_KEY_UIStatusBarStyle[sdk=iphoneos*]" = UIStatusBarStyleDefault;
				"INFOPLIST_KEY_UIStatusBarStyle[sdk=iphonesimulator*]" = UIStatusBarStyleDefault;
				INFOPLIST_KEY_UISupportedInterfaceOrientations_iPad = "UIInterfaceOrientationPortrait UIInterfaceOrientationPortraitUpsideDown UIInterfaceOrientationLandscapeLeft UIInterfaceOrientationLandscapeRight";
				INFOPLIST_KEY_UISupportedInterfaceOrientations_iPhone = "UIInterfaceOrientationPortrait UIInterfaceOrientationLandscapeLeft UIInterfaceOrientationLandscapeRight";
				IPHONEOS_DEPLOYMENT_TARGET = 16.4;
				LD_RUNPATH_SEARCH_PATHS = "@executable_path/Frameworks";
				"LD_RUNPATH_SEARCH_PATHS[sdk=macosx*]" = "@executable_path/../Frameworks";
				MACOSX_DEPLOYMENT_TARGET = 13.0;
				MARKETING_VERSION = 1.0;
				PRODUCT_BUNDLE_IDENTIFIER = rizos.HarryPotterDatabase;
				PRODUCT_NAME = "$(TARGET_NAME)";
				SDKROOT = auto;
				SUPPORTED_PLATFORMS = "iphoneos iphonesimulator macosx";
				SWIFT_EMIT_LOC_STRINGS = YES;
				SWIFT_VERSION = 5.0;
				TARGETED_DEVICE_FAMILY = "1,2";
			};
			name = Debug;
		};
		520500A82A24B1DE003C1862 /* Release */ = {
			isa = XCBuildConfiguration;
			buildSettings = {
				ASSETCATALOG_COMPILER_APPICON_NAME = AppIcon;
				ASSETCATALOG_COMPILER_GLOBAL_ACCENT_COLOR_NAME = AccentColor;
				CODE_SIGN_ENTITLEMENTS = HarryPotterDatabase/HarryPotterDatabase.entitlements;
				CODE_SIGN_STYLE = Automatic;
				CURRENT_PROJECT_VERSION = 1;
				DEVELOPMENT_ASSET_PATHS = "\"HarryPotterDatabase/Preview Content\"";
				DEVELOPMENT_TEAM = KLC2HD36UZ;
				ENABLE_HARDENED_RUNTIME = YES;
				ENABLE_PREVIEWS = YES;
				GENERATE_INFOPLIST_FILE = YES;
				"INFOPLIST_KEY_UIApplicationSceneManifest_Generation[sdk=iphoneos*]" = YES;
				"INFOPLIST_KEY_UIApplicationSceneManifest_Generation[sdk=iphonesimulator*]" = YES;
				"INFOPLIST_KEY_UIApplicationSupportsIndirectInputEvents[sdk=iphoneos*]" = YES;
				"INFOPLIST_KEY_UIApplicationSupportsIndirectInputEvents[sdk=iphonesimulator*]" = YES;
				"INFOPLIST_KEY_UILaunchScreen_Generation[sdk=iphoneos*]" = YES;
				"INFOPLIST_KEY_UILaunchScreen_Generation[sdk=iphonesimulator*]" = YES;
				"INFOPLIST_KEY_UIStatusBarStyle[sdk=iphoneos*]" = UIStatusBarStyleDefault;
				"INFOPLIST_KEY_UIStatusBarStyle[sdk=iphonesimulator*]" = UIStatusBarStyleDefault;
				INFOPLIST_KEY_UISupportedInterfaceOrientations_iPad = "UIInterfaceOrientationPortrait UIInterfaceOrientationPortraitUpsideDown UIInterfaceOrientationLandscapeLeft UIInterfaceOrientationLandscapeRight";
				INFOPLIST_KEY_UISupportedInterfaceOrientations_iPhone = "UIInterfaceOrientationPortrait UIInterfaceOrientationLandscapeLeft UIInterfaceOrientationLandscapeRight";
				IPHONEOS_DEPLOYMENT_TARGET = 16.4;
				LD_RUNPATH_SEARCH_PATHS = "@executable_path/Frameworks";
				"LD_RUNPATH_SEARCH_PATHS[sdk=macosx*]" = "@executable_path/../Frameworks";
				MACOSX_DEPLOYMENT_TARGET = 13.0;
				MARKETING_VERSION = 1.0;
				PRODUCT_BUNDLE_IDENTIFIER = rizos.HarryPotterDatabase;
				PRODUCT_NAME = "$(TARGET_NAME)";
				SDKROOT = auto;
				SUPPORTED_PLATFORMS = "iphoneos iphonesimulator macosx";
				SWIFT_EMIT_LOC_STRINGS = YES;
				SWIFT_VERSION = 5.0;
				TARGETED_DEVICE_FAMILY = "1,2";
			};
			name = Release;
		};
		520500AA2A24B1DE003C1862 /* Debug */ = {
			isa = XCBuildConfiguration;
			buildSettings = {
				ALWAYS_EMBED_SWIFT_STANDARD_LIBRARIES = YES;
				BUNDLE_LOADER = "$(TEST_HOST)";
				CLANG_ENABLE_MODULES = YES;
				CODE_SIGN_STYLE = Automatic;
				CURRENT_PROJECT_VERSION = 1;
				DEVELOPMENT_TEAM = KLC2HD36UZ;
				GENERATE_INFOPLIST_FILE = YES;
				IPHONEOS_DEPLOYMENT_TARGET = 16.4;
				MACOSX_DEPLOYMENT_TARGET = 13.0;
				MARKETING_VERSION = 1.0;
				PRODUCT_BUNDLE_IDENTIFIER = rizos.HarryPotterDatabaseTests;
				PRODUCT_NAME = "$(TARGET_NAME)";
				SDKROOT = auto;
				SUPPORTED_PLATFORMS = "iphoneos iphonesimulator macosx";
				SWIFT_EMIT_LOC_STRINGS = NO;
				SWIFT_OPTIMIZATION_LEVEL = "-Onone";
				SWIFT_VERSION = 5.0;
				TARGETED_DEVICE_FAMILY = "1,2";
				TEST_HOST = "$(BUILT_PRODUCTS_DIR)/HarryPotterDatabase.app/$(BUNDLE_EXECUTABLE_FOLDER_PATH)/HarryPotterDatabase";
			};
			name = Debug;
		};
		520500AB2A24B1DE003C1862 /* Release */ = {
			isa = XCBuildConfiguration;
			buildSettings = {
				ALWAYS_EMBED_SWIFT_STANDARD_LIBRARIES = YES;
				BUNDLE_LOADER = "$(TEST_HOST)";
				CLANG_ENABLE_MODULES = YES;
				CODE_SIGN_STYLE = Automatic;
				CURRENT_PROJECT_VERSION = 1;
				DEVELOPMENT_TEAM = KLC2HD36UZ;
				GENERATE_INFOPLIST_FILE = YES;
				IPHONEOS_DEPLOYMENT_TARGET = 16.4;
				MACOSX_DEPLOYMENT_TARGET = 13.0;
				MARKETING_VERSION = 1.0;
				PRODUCT_BUNDLE_IDENTIFIER = rizos.HarryPotterDatabaseTests;
				PRODUCT_NAME = "$(TARGET_NAME)";
				SDKROOT = auto;
				SUPPORTED_PLATFORMS = "iphoneos iphonesimulator macosx";
				SWIFT_EMIT_LOC_STRINGS = NO;
				SWIFT_VERSION = 5.0;
				TARGETED_DEVICE_FAMILY = "1,2";
				TEST_HOST = "$(BUILT_PRODUCTS_DIR)/HarryPotterDatabase.app/$(BUNDLE_EXECUTABLE_FOLDER_PATH)/HarryPotterDatabase";
			};
			name = Release;
		};
/* End XCBuildConfiguration section */

/* Begin XCConfigurationList section */
		5205007C2A24B1DD003C1862 /* Build configuration list for PBXProject "HarryPotterDatabase" */ = {
			isa = XCConfigurationList;
			buildConfigurations = (
				520500A42A24B1DE003C1862 /* Debug */,
				520500A52A24B1DE003C1862 /* Release */,
			);
			defaultConfigurationIsVisible = 0;
			defaultConfigurationName = Release;
		};
		520500A62A24B1DE003C1862 /* Build configuration list for PBXNativeTarget "HarryPotterDatabase" */ = {
			isa = XCConfigurationList;
			buildConfigurations = (
				520500A72A24B1DE003C1862 /* Debug */,
				520500A82A24B1DE003C1862 /* Release */,
			);
			defaultConfigurationIsVisible = 0;
			defaultConfigurationName = Release;
		};
		520500A92A24B1DE003C1862 /* Build configuration list for PBXNativeTarget "HarryPotterDatabaseTests" */ = {
			isa = XCConfigurationList;
			buildConfigurations = (
				520500AA2A24B1DE003C1862 /* Debug */,
				520500AB2A24B1DE003C1862 /* Release */,
			);
			defaultConfigurationIsVisible = 0;
			defaultConfigurationName = Release;
		};
/* End XCConfigurationList section */

/* Begin XCRemoteSwiftPackageReference section */
		52E79AB02A3B1C7C0096893F /* XCRemoteSwiftPackageReference "swift-snapshot-testing" */ = {
			isa = XCRemoteSwiftPackageReference;
			repositoryURL = "https://github.com/pointfreeco/swift-snapshot-testing";
			requirement = {
				kind = upToNextMajorVersion;
				minimumVersion = 1.11.0;
			};
		};
/* End XCRemoteSwiftPackageReference section */

/* Begin XCSwiftPackageProductDependency section */
		52E79AB12A3B1C7C0096893F /* SnapshotTesting */ = {
			isa = XCSwiftPackageProductDependency;
			package = 52E79AB02A3B1C7C0096893F /* XCRemoteSwiftPackageReference "swift-snapshot-testing" */;
			productName = SnapshotTesting;
		};
/* End XCSwiftPackageProductDependency section */
	};
	rootObject = 520500792A24B1DD003C1862 /* Project object */;
}
